
Microsoft Visual Studio Solution File, Format Version 12.00
# Visual Studio 2013
VisualStudioVersion = 12.0.31101.0
MinimumVisualStudioVersion = 10.0.40219.1
Project("{FAE04EC0-301F-11D3-BF4B-00C04F79EFBC}") = "TennisNetwork.Web", "TennisNetwork\TennisNetwork.Web.csproj", "{4CEF14D3-7656-47BB-8757-C03F8C48D32B}"
EndProject
Project("{FAE04EC0-301F-11D3-BF4B-00C04F79EFBC}") = "TennisNetwork.Models", "TennisNetwork.Models\TennisNetwork.Models.csproj", "{94185E90-956B-4766-8E7D-F651869DEA3A}"
EndProject
Project("{FAE04EC0-301F-11D3-BF4B-00C04F79EFBC}") = "TennisNetwork.Data", "TennisNetwork.Data\TennisNetwork.Data.csproj", "{C028E48B-62BA-4E08-9492-396A8294F8D3}"
EndProject
Project("{FAE04EC0-301F-11D3-BF4B-00C04F79EFBC}") = "TennisNetwork.Tests", "TennisNetwork.Tests\TennisNetwork.Tests.csproj", "{4596A314-CB09-4577-8EB8-89F6A46EF588}"
EndProject
Global
	GlobalSection(TeamFoundationVersionControl) = preSolution
		SccNumberOfProjects = 5
		SccEnterpriseProvider = {4CA58AB2-18FA-4F8D-95D4-32DDF27D184C}
		SccTeamFoundationServer = https://itaskov.visualstudio.com/defaultcollection
		SccLocalPath0 = .
		SccProjectUniqueName1 = TennisNetwork.Models\\TennisNetwork.Models.csproj
		SccProjectName1 = TennisNetwork.Models
		SccLocalPath1 = TennisNetwork.Models
		SccProjectUniqueName2 = TennisNetwork.Data\\TennisNetwork.Data.csproj
		SccProjectName2 = TennisNetwork.Data
		SccLocalPath2 = TennisNetwork.Data
		SccProjectUniqueName3 = TennisNetwork\\TennisNetwork.Web.csproj
		SccProjectName3 = TennisNetwork
		SccLocalPath3 = TennisNetwork
		SccProjectUniqueName4 = TennisNetwork.Tests\\TennisNetwork.Tests.csproj
		SccProjectName4 = TennisNetwork.Tests
		SccLocalPath4 = TennisNetwork.Tests
	EndGlobalSection
	GlobalSection(SolutionConfigurationPlatforms) = preSolution
		Debug|Any CPU = Debug|Any CPU
		Release|Any CPU = Release|Any CPU
	EndGlobalSection
	GlobalSection(ProjectConfigurationPlatforms) = postSolution
		{4CEF14D3-7656-47BB-8757-C03F8C48D32B}.Debug|Any CPU.ActiveCfg = Debug|Any CPU
		{4CEF14D3-7656-47BB-8757-C03F8C48D32B}.Debug|Any CPU.Build.0 = Debug|Any CPU
		{4CEF14D3-7656-47BB-8757-C03F8C48D32B}.Release|Any CPU.ActiveCfg = Release|Any CPU
		{4CEF14D3-7656-47BB-8757-C03F8C48D32B}.Release|Any CPU.Build.0 = Release|Any CPU
		{94185E90-956B-4766-8E7D-F651869DEA3A}.Debug|Any CPU.ActiveCfg = Debug|Any CPU
		{94185E90-956B-4766-8E7D-F651869DEA3A}.Debug|Any CPU.Build.0 = Debug|Any CPU
		{94185E90-956B-4766-8E7D-F651869DEA3A}.Release|Any CPU.ActiveCfg = Release|Any CPU
		{94185E90-956B-4766-8E7D-F651869DEA3A}.Release|Any CPU.Build.0 = Release|Any CPU
		{C028E48B-62BA-4E08-9492-396A8294F8D3}.Debug|Any CPU.ActiveCfg = Debug|Any CPU
		{C028E48B-62BA-4E08-9492-396A8294F8D3}.Debug|Any CPU.Build.0 = Debug|Any CPU
		{C028E48B-62BA-4E08-9492-396A8294F8D3}.Release|Any CPU.ActiveCfg = Release|Any CPU
		{C028E48B-62BA-4E08-9492-396A8294F8D3}.Release|Any CPU.Build.0 = Release|Any CPU
		{4596A314-CB09-4577-8EB8-89F6A46EF588}.Debug|Any CPU.ActiveCfg = Debug|Any CPU
		{4596A314-CB09-4577-8EB8-89F6A46EF588}.Debug|Any CPU.Build.0 = Debug|Any CPU
		{4596A314-CB09-4577-8EB8-89F6A46EF588}.Release|Any CPU.ActiveCfg = Release|Any CPU
		{4596A314-CB09-4577-8EB8-89F6A46EF588}.Release|Any CPU.Build.0 = Release|Any CPU
	EndGlobalSection
	GlobalSection(SolutionProperties) = preSolution
		HideSolutionNode = FALSE
	EndGlobalSection
EndGlobal
